Microsoft Visual Studio Solution File, Format Version 12.00
# Visual Studio 2012
Project("{FAE04EC0-301F-11D3-BF4B-00C04F79EFBC}") = "One Shot Hack System", "One Shot Hack System.csproj", "{C179CFFD-0F85-49C1-8B3E-D2484441CD24}"
EndProject
Global
	GlobalSection(SolutionConfigurationPlatforms) = preSolution
	Debug|Any CPU = Debug|Any CPU
	ExportDebug|Any CPU = ExportDebug|Any CPU
	ExportRelease|Any CPU = ExportRelease|Any CPU
	EndGlobalSection
	GlobalSection(ProjectConfigurationPlatforms) = postSolution
		{C179CFFD-0F85-49C1-8B3E-D2484441CD24}.Debug|Any CPU.ActiveCfg = Debug|Any CPU
		{C179CFFD-0F85-49C1-8B3E-D2484441CD24}.Debug|Any CPU.Build.0 = Debug|Any CPU
		{C179CFFD-0F85-49C1-8B3E-D2484441CD24}.ExportDebug|Any CPU.ActiveCfg = ExportDebug|Any CPU
		{C179CFFD-0F85-49C1-8B3E-D2484441CD24}.ExportDebug|Any CPU.Build.0 = ExportDebug|Any CPU
		{C179CFFD-0F85-49C1-8B3E-D2484441CD24}.ExportRelease|Any CPU.ActiveCfg = ExportRelease|Any CPU
		{C179CFFD-0F85-49C1-8B3E-D2484441CD24}.ExportRelease|Any CPU.Build.0 = ExportRelease|Any CPU
	EndGlobalSection
EndGlobal
